
Microsoft Visual Studio Solution File, Format Version 12.00
# Visual Studio 15
VisualStudioVersion = 15.0.27130.2027
MinimumVisualStudioVersion = 10.0.40219.1
Project("{8BC9CEB8-8B4A-11D0-8D11-00A0C91BC942}") = "parallel-scan", "parallel-scan\parallel-scan.vcxproj", "{50B2B8D0-75A7-426F-8F4C-FCA7A4D38CEB}"
EndProject
Global
	GlobalSection(SolutionConfigurationPlatforms) = preSolution
		Debug|x64 = Debug|x64
		Release|x64 = Release|x64
	EndGlobalSection
	GlobalSection(ProjectConfigurationPlatforms) = postSolution
		{50B2B8D0-75A7-426F-8F4C-FCA7A4D38CEB}.Debug|x64.ActiveCfg = Debug|x64
		{50B2B8D0-75A7-426F-8F4C-FCA7A4D38CEB}.Debug|x64.Build.0 = Debug|x64
		{50B2B8D0-75A7-426F-8F4C-FCA7A4D38CEB}.Release|x64.ActiveCfg = Release|x64
		{50B2B8D0-75A7-426F-8F4C-FCA7A4D38CEB}.Release|x64.Build.0 = Release|x64
	EndGlobalSection
	GlobalSection(SolutionProperties) = preSolution
		HideSolutionNode = FALSE
	EndGlobalSection
	GlobalSection(ExtensibilityGlobals) = postSolution
		SolutionGuid = {F483979D-0617-4243-A81D-FC34FF64A37D}
	EndGlobalSection
EndGlobal
